// !$*UTF8*$!
{
	archiveVersion = 1;
	classes = {
	};
	objectVersion = 50;
	objects = {

/* Begin PBXBuildFile section */
		DA9DF89324A2CACE00C1E71B /* AppDelegate.swift in Sources */ = {isa = PBXBuildFile; fileRef = DA9DF89224A2CACE00C1E71B /* AppDelegate.swift */; };
		DA9DF89524A2CACE00C1E71B /* SceneDelegate.swift in Sources */ = {isa = PBXBuildFile; fileRef = DA9DF89424A2CACE00C1E71B /* SceneDelegate.swift */; };
		DA9DF89A24A2CACE00C1E71B /* Main.storyboard in Resources */ = {isa = PBXBuildFile; fileRef = DA9DF89824A2CACE00C1E71B /* Main.storyboard */; };
		DA9DF89C24A2CACF00C1E71B /* Assets.xcassets in Resources */ = {isa = PBXBuildFile; fileRef = DA9DF89B24A2CACF00C1E71B /* Assets.xcassets */; };
		DA9DF89F24A2CACF00C1E71B /* LaunchScreen.storyboard in Resources */ = {isa = PBXBuildFile; fileRef = DA9DF89D24A2CACF00C1E71B /* LaunchScreen.storyboard */; };
		DA9DF8AD24A2CEF400C1E71B /* Person.swift in Sources */ = {isa = PBXBuildFile; fileRef = DA9DF8AC24A2CEF400C1E71B /* Person.swift */; };
		DA9DF8AF24A2CFF100C1E71B /* PersonController.swift in Sources */ = {isa = PBXBuildFile; fileRef = DA9DF8AE24A2CFF100C1E71B /* PersonController.swift */; };
		DA9DF8B124A2D08300C1E71B /* PersonError.swift in Sources */ = {isa = PBXBuildFile; fileRef = DA9DF8B024A2D08300C1E71B /* PersonError.swift */; };
		DA9DF8B324A2D4B800C1E71B /* PeopleTableViewController.swift in Sources */ = {isa = PBXBuildFile; fileRef = DA9DF8B224A2D4B800C1E71B /* PeopleTableViewController.swift */; };
		DA9DF8B524A2D4C900C1E71B /* PeopleTableViewCell.swift in Sources */ = {isa = PBXBuildFile; fileRef = DA9DF8B424A2D4C900C1E71B /* PeopleTableViewCell.swift */; };
/* End PBXBuildFile section */

/* Begin PBXFileReference section */
		DA9DF88F24A2CACE00C1E71B /* PotterReview.app */ = {isa = PBXFileReference; explicitFileType = wrapper.application; includeInIndex = 0; path = PotterReview.app; sourceTree = BUILT_PRODUCTS_DIR; };
		DA9DF89224A2CACE00C1E71B /* AppDelegate.swift */ = {isa = PBXFileReference; lastKnownFileType = sourcecode.swift; path = AppDelegate.swift; sourceTree = "<group>"; };
		DA9DF89424A2CACE00C1E71B /* SceneDelegate.swift */ = {isa = PBXFileReference; lastKnownFileType = sourcecode.swift; path = SceneDelegate.swift; sourceTree = "<group>"; };
		DA9DF89924A2CACE00C1E71B /* Base */ = {isa = PBXFileReference; lastKnownFileType = file.storyboard; name = Base; path = Base.lproj/Main.storyboard; sourceTree = "<group>"; };
		DA9DF89B24A2CACF00C1E71B /* Assets.xcassets */ = {isa = PBXFileReference; lastKnownFileType = folder.assetcatalog; path = Assets.xcassets; sourceTree = "<group>"; };
		DA9DF89E24A2CACF00C1E71B /* Base */ = {isa = PBXFileReference; lastKnownFileType = file.storyboard; name = Base; path = Base.lproj/LaunchScreen.storyboard; sourceTree = "<group>"; };
		DA9DF8A024A2CACF00C1E71B /* Info.plist */ = {isa = PBXFileReference; lastKnownFileType = text.plist.xml; path = Info.plist; sourceTree = "<group>"; };
		DA9DF8AC24A2CEF400C1E71B /* Person.swift */ = {isa = PBXFileReference; lastKnownFileType = sourcecode.swift; path = Person.swift; sourceTree = "<group>"; };
		DA9DF8AE24A2CFF100C1E71B /* PersonController.swift */ = {isa = PBXFileReference; lastKnownFileType = sourcecode.swift; path = PersonController.swift; sourceTree = "<group>"; };
		DA9DF8B024A2D08300C1E71B /* PersonError.swift */ = {isa = PBXFileReference; lastKnownFileType = sourcecode.swift; path = PersonError.swift; sourceTree = "<group>"; };
		DA9DF8B224A2D4B800C1E71B /* PeopleTableViewController.swift */ = {isa = PBXFileReference; lastKnownFileType = sourcecode.swift; path = PeopleTableViewController.swift; sourceTree = "<group>"; };
		DA9DF8B424A2D4C900C1E71B /* PeopleTableViewCell.swift */ = {isa = PBXFileReference; lastKnownFileType = sourcecode.swift; path = PeopleTableViewCell.swift; sourceTree = "<group>"; };
/* End PBXFileReference section */

/* Begin PBXFrameworksBuildPhase section */
		DA9DF88C24A2CACE00C1E71B /* Frameworks */ = {
			isa = PBXFrameworksBuildPhase;
			buildActionMask = 2147483647;
			files = (
			);
			runOnlyForDeploymentPostprocessing = 0;
		};
/* End PBXFrameworksBuildPhase section */

/* Begin PBXGroup section */
		DA9DF88624A2CACE00C1E71B = {
			isa = PBXGroup;
			children = (
				DA9DF89124A2CACE00C1E71B /* PotterReview */,
				DA9DF89024A2CACE00C1E71B /* Products */,
			);
			sourceTree = "<group>";
		};
		DA9DF89024A2CACE00C1E71B /* Products */ = {
			isa = PBXGroup;
			children = (
				DA9DF88F24A2CACE00C1E71B /* PotterReview.app */,
			);
			name = Products;
			sourceTree = "<group>";
		};
		DA9DF89124A2CACE00C1E71B /* PotterReview */ = {
			isa = PBXGroup;
			children = (
				DA9DF8A724A2CB2100C1E71B /* Model */,
				DA9DF8A824A2CB2600C1E71B /* Controller */,
				DA9DF8A924A2CB9500C1E71B /* Views */,
				DA9DF8A624A2CAF800C1E71B /* Resources */,
			);
			path = PotterReview;
			sourceTree = "<group>";
		};
		DA9DF8A624A2CAF800C1E71B /* Resources */ = {
			isa = PBXGroup;
			children = (
				DA9DF89224A2CACE00C1E71B /* AppDelegate.swift */,
				DA9DF89424A2CACE00C1E71B /* SceneDelegate.swift */,
				DA9DF89B24A2CACF00C1E71B /* Assets.xcassets */,
				DA9DF89D24A2CACF00C1E71B /* LaunchScreen.storyboard */,
				DA9DF8A024A2CACF00C1E71B /* Info.plist */,
			);
			path = Resources;
			sourceTree = "<group>";
		};
		DA9DF8A724A2CB2100C1E71B /* Model */ = {
			isa = PBXGroup;
			children = (
				DA9DF8AC24A2CEF400C1E71B /* Person.swift */,
				DA9DF8B024A2D08300C1E71B /* PersonError.swift */,
			);
			path = Model;
			sourceTree = "<group>";
		};
		DA9DF8A824A2CB2600C1E71B /* Controller */ = {
			isa = PBXGroup;
			children = (
				DA9DF8AB24A2CBBE00C1E71B /* Model Controllers */,
				DA9DF8AA24A2CBAC00C1E71B /* View Controllers */,
			);
			path = Controller;
			sourceTree = "<group>";
		};
		DA9DF8A924A2CB9500C1E71B /* Views */ = {
			isa = PBXGroup;
			children = (
				DA9DF89824A2CACE00C1E71B /* Main.storyboard */,
			);
			path = Views;
			sourceTree = "<group>";
		};
		DA9DF8AA24A2CBAC00C1E71B /* View Controllers */ = {
			isa = PBXGroup;
			children = (
				DA9DF8B224A2D4B800C1E71B /* PeopleTableViewController.swift */,
				DA9DF8B424A2D4C900C1E71B /* PeopleTableViewCell.swift */,
			);
			path = "View Controllers";
			sourceTree = "<group>";
		};
		DA9DF8AB24A2CBBE00C1E71B /* Model Controllers */ = {
			isa = PBXGroup;
			children = (
				DA9DF8AE24A2CFF100C1E71B /* PersonController.swift */,
			);
			path = "Model Controllers";
			sourceTree = "<group>";
		};
/* End PBXGroup section */

/* Begin PBXNativeTarget section */
		DA9DF88E24A2CACE00C1E71B /* PotterReview */ = {
			isa = PBXNativeTarget;
			buildConfigurationList = DA9DF8A324A2CACF00C1E71B /* Build configuration list for PBXNativeTarget "PotterReview" */;
			buildPhases = (
				DA9DF88B24A2CACE00C1E71B /* Sources */,
				DA9DF88C24A2CACE00C1E71B /* Frameworks */,
				DA9DF88D24A2CACE00C1E71B /* Resources */,
			);
			buildRules = (
			);
			dependencies = (
			);
			name = PotterReview;
			productName = PotterReview;
			productReference = DA9DF88F24A2CACE00C1E71B /* PotterReview.app */;
			productType = "com.apple.product-type.application";
		};
/* End PBXNativeTarget section */

/* Begin PBXProject section */
		DA9DF88724A2CACE00C1E71B /* Project object */ = {
			isa = PBXProject;
			attributes = {
				LastSwiftUpdateCheck = 1150;
				LastUpgradeCheck = 1150;
				ORGANIZATIONNAME = "adetokunbo babatunde";
				TargetAttributes = {
					DA9DF88E24A2CACE00C1E71B = {
						CreatedOnToolsVersion = 11.5;
					};
				};
			};
			buildConfigurationList = DA9DF88A24A2CACE00C1E71B /* Build configuration list for PBXProject "PotterReview" */;
			compatibilityVersion = "Xcode 9.3";
			developmentRegion = en;
			hasScannedForEncodings = 0;
			knownRegions = (
				en,
				Base,
			);
			mainGroup = DA9DF88624A2CACE00C1E71B;
			productRefGroup = DA9DF89024A2CACE00C1E71B /* Products */;
			projectDirPath = "";
			projectRoot = "";
			targets = (
				DA9DF88E24A2CACE00C1E71B /* PotterReview */,
			);
		};
/* End PBXProject section */

/* Begin PBXResourcesBuildPhase section */
		DA9DF88D24A2CACE00C1E71B /* Resources */ = {
			isa = PBXResourcesBuildPhase;
			buildActionMask = 2147483647;
			files = (
				DA9DF89F24A2CACF00C1E71B /* LaunchScreen.storyboard in Resources */,
				DA9DF89C24A2CACF00C1E71B /* Assets.xcassets in Resources */,
				DA9DF89A24A2CACE00C1E71B /* Main.storyboard in Resources */,
			);
			runOnlyForDeploymentPostprocessing = 0;
		};
/* End PBXResourcesBuildPhase section */

/* Begin PBXSourcesBuildPhase section */
		DA9DF88B24A2CACE00C1E71B /* Sources */ = {
			isa = PBXSourcesBuildPhase;
			buildActionMask = 2147483647;
			files = (
				DA9DF8B124A2D08300C1E71B /* PersonError.swift in Sources */,
				DA9DF8AF24A2CFF100C1E71B /* PersonController.swift in Sources */,
				DA9DF8AD24A2CEF400C1E71B /* Person.swift in Sources */,
				DA9DF89324A2CACE00C1E71B /* AppDelegate.swift in Sources */,
				DA9DF8B324A2D4B800C1E71B /* PeopleTableViewController.swift in Sources */,
				DA9DF89524A2CACE00C1E71B /* SceneDelegate.swift in Sources */,
				DA9DF8B524A2D4C900C1E71B /* PeopleTableViewCell.swift in Sources */,
			);
			runOnlyForDeploymentPostprocessing = 0;
		};
/* End PBXSourcesBuildPhase section */

/* Begin PBXVariantGroup section */
		DA9DF89824A2CACE00C1E71B /* Main.storyboard */ = {
			isa = PBXVariantGroup;
			children = (
				DA9DF89924A2CACE00C1E71B /* Base */,
			);
			name = Main.storyboard;
			sourceTree = "<group>";
		};
		DA9DF89D24A2CACF00C1E71B /* LaunchScreen.storyboard */ = {
			isa = PBXVariantGroup;
			children = (
				DA9DF89E24A2CACF00C1E71B /* Base */,
			);
			name = LaunchScreen.storyboard;
			sourceTree = "<group>";
		};
/* End PBXVariantGroup section */

/* Begin XCBuildConfiguration section */
		DA9DF8A124A2CACF00C1E71B /* Debug */ = {
			isa = XCBuildConfiguration;
			buildSettings = {
				ALWAYS_SEARCH_USER_PATHS = NO;
				CLANG_ANALYZER_NONNULL = YES;
				CLANG_ANALYZER_NUMBER_OBJECT_CONVERSION = YES_AGGRESSIVE;
				CLANG_CXX_LANGUAGE_STANDARD = "gnu++14";
				CLANG_CXX_LIBRARY = "libc++";
				CLANG_ENABLE_MODULES = YES;
				CLANG_ENABLE_OBJC_ARC = YES;
				CLANG_ENABLE_OBJC_WEAK = YES;
				CLANG_WARN_BLOCK_CAPTURE_AUTORELEASING = YES;
				CLANG_WARN_BOOL_CONVERSION = YES;
				CLANG_WARN_COMMA = YES;
				CLANG_WARN_CONSTANT_CONVERSION = YES;
				CLANG_WARN_DEPRECATED_OBJC_IMPLEMENTATIONS = YES;
				CLANG_WARN_DIRECT_OBJC_ISA_USAGE = YES_ERROR;
				CLANG_WARN_DOCUMENTATION_COMMENTS = YES;
				CLANG_WARN_EMPTY_BODY = YES;
				CLANG_WARN_ENUM_CONVERSION = YES;
				CLANG_WARN_INFINITE_RECURSION = YES;
				CLANG_WARN_INT_CONVERSION = YES;
				CLANG_WARN_NON_LITERAL_NULL_CONVERSION = YES;
				CLANG_WARN_OBJC_IMPLICIT_RETAIN_SELF = YES;
				CLANG_WARN_OBJC_LITERAL_CONVERSION = YES;
				CLANG_WARN_OBJC_ROOT_CLASS = YES_ERROR;
				CLANG_WARN_RANGE_LOOP_ANALYSIS = YES;
				CLANG_WARN_STRICT_PROTOTYPES = YES;
				CLANG_WARN_SUSPICIOUS_MOVE = YES;
				CLANG_WARN_UNGUARDED_AVAILABILITY = YES_AGGRESSIVE;
				CLANG_WARN_UNREACHABLE_CODE = YES;
				CLANG_WARN__DUPLICATE_METHOD_MATCH = YES;
				COPY_PHASE_STRIP = NO;
				DEBUG_INFORMATION_FORMAT = dwarf;
				ENABLE_STRICT_OBJC_MSGSEND = YES;
				ENABLE_TESTABILITY = YES;
				GCC_C_LANGUAGE_STANDARD = gnu11;
				GCC_DYNAMIC_NO_PIC = NO;
				GCC_NO_COMMON_BLOCKS = YES;
				GCC_OPTIMIZATION_LEVEL = 0;
				GCC_PREPROCESSOR_DEFINITIONS = (
					"DEBUG=1",
					"$(inherited)",
				);
				GCC_WARN_64_TO_32_BIT_CONVERSION = YES;
				GCC_WARN_ABOUT_RETURN_TYPE = YES_ERROR;
				GCC_WARN_UNDECLARED_SELECTOR = YES;
				GCC_WARN_UNINITIALIZED_AUTOS = YES_AGGRESSIVE;
				GCC_WARN_UNUSED_FUNCTION = YES;
				GCC_WARN_UNUSED_VARIABLE = YES;
				IPHONEOS_DEPLOYMENT_TARGET = 13.5;
				MTL_ENABLE_DEBUG_INFO = INCLUDE_SOURCE;
				MTL_FAST_MATH = YES;
				ONLY_ACTIVE_ARCH = YES;
				SDKROOT = iphoneos;
				SWIFT_ACTIVE_COMPILATION_CONDITIONS = DEBUG;
				SWIFT_OPTIMIZATION_LEVEL = "-Onone";
			};
			name = Debug;
		};
		DA9DF8A224A2CACF00C1E71B /* Release */ = {
			isa = XCBuildConfiguration;
			buildSettings = {
				ALWAYS_SEARCH_USER_PATHS = NO;
				CLANG_ANALYZER_NONNULL = YES;
				CLANG_ANALYZER_NUMBER_OBJECT_CONVERSION = YES_AGGRESSIVE;
				CLANG_CXX_LANGUAGE_STANDARD = "gnu++14";
				CLANG_CXX_LIBRARY = "libc++";
				CLANG_ENABLE_MODULES = YES;
				CLANG_ENABLE_OBJC_ARC = YES;
				CLANG_ENABLE_OBJC_WEAK = YES;
				CLANG_WARN_BLOCK_CAPTURE_AUTORELEASING = YES;
				CLANG_WARN_BOOL_CONVERSION = YES;
				CLANG_WARN_COMMA = YES;
				CLANG_WARN_CONSTANT_CONVERSION = YES;
				CLANG_WARN_DEPRECATED_OBJC_IMPLEMENTATIONS = YES;
				CLANG_WARN_DIRECT_OBJC_ISA_USAGE = YES_ERROR;
				CLANG_WARN_DOCUMENTATION_COMMENTS = YES;
				CLANG_WARN_EMPTY_BODY = YES;
				CLANG_WARN_ENUM_CONVERSION = YES;
				CLANG_WARN_INFINITE_RECURSION = YES;
				CLANG_WARN_INT_CONVERSION = YES;
				CLANG_WARN_NON_LITERAL_NULL_CONVERSION = YES;
				CLANG_WARN_OBJC_IMPLICIT_RETAIN_SELF = YES;
				CLANG_WARN_OBJC_LITERAL_CONVERSION = YES;
				CLANG_WARN_OBJC_ROOT_CLASS = YES_ERROR;
				CLANG_WARN_RANGE_LOOP_ANALYSIS = YES;
				CLANG_WARN_STRICT_PROTOTYPES = YES;
				CLANG_WARN_SUSPICIOUS_MOVE = YES;
				CLANG_WARN_UNGUARDED_AVAILABILITY = YES_AGGRESSIVE;
				CLANG_WARN_UNREACHABLE_CODE = YES;
				CLANG_WARN__DUPLICATE_METHOD_MATCH = YES;
				COPY_PHASE_STRIP = NO;
				DEBUG_INFORMATION_FORMAT = "dwarf-with-dsym";
				ENABLE_NS_ASSERTIONS = NO;
				ENABLE_STRICT_OBJC_MSGSEND = YES;
				GCC_C_LANGUAGE_STANDARD = gnu11;
				GCC_NO_COMMON_BLOCKS = YES;
				GCC_WARN_64_TO_32_BIT_CONVERSION = YES;
				GCC_WARN_ABOUT_RETURN_TYPE = YES_ERROR;
				GCC_WARN_UNDECLARED_SELECTOR = YES;
				GCC_WARN_UNINITIALIZED_AUTOS = YES_AGGRESSIVE;
				GCC_WARN_UNUSED_FUNCTION = YES;
				GCC_WARN_UNUSED_VARIABLE = YES;
				IPHONEOS_DEPLOYMENT_TARGET = 13.5;
				MTL_ENABLE_DEBUG_INFO = NO;
				MTL_FAST_MATH = YES;
				SDKROOT = iphoneos;
				SWIFT_COMPILATION_MODE = wholemodule;
				SWIFT_OPTIMIZATION_LEVEL = "-O";
				VALIDATE_PRODUCT = YES;
			};
			name = Release;
		};
		DA9DF8A424A2CACF00C1E71B /* Debug */ = {
			isa = XCBuildConfiguration;
			buildSettings = {
				ASSETCATALOG_COMPILER_APPICON_NAME = AppIcon;
				CODE_SIGN_STYLE = Automatic;
				DEVELOPMENT_TEAM = A2D3VV59KD;
				INFOPLIST_FILE = PotterReview/Resources/Info.plist;
				LD_RUNPATH_SEARCH_PATHS = (
					"$(inherited)",
					"@executable_path/Frameworks",
				);
				PRODUCT_BUNDLE_IDENTIFIER = com.adetokunbo.ObjC;
				PRODUCT_NAME = "$(TARGET_NAME)";
				SWIFT_VERSION = 5.0;
				TARGETED_DEVICE_FAMILY = "1,2";
			};
			name = Debug;
		};
		DA9DF8A524A2CACF00C1E71B /* Release */ = {
			isa = XCBuildConfiguration;
			buildSettings = {
				ASSETCATALOG_COMPILER_APPICON_NAME = AppIcon;
				CODE_SIGN_STYLE = Automatic;
				DEVELOPMENT_TEAM = A2D3VV59KD;
				INFOPLIST_FILE = PotterReview/Resources/Info.plist;
				LD_RUNPATH_SEARCH_PATHS = (
					"$(inherited)",
					"@executable_path/Frameworks",
				);
				PRODUCT_BUNDLE_IDENTIFIER = com.adetokunbo.ObjC;
				PRODUCT_NAME = "$(TARGET_NAME)";
				SWIFT_VERSION = 5.0;
				TARGETED_DEVICE_FAMILY = "1,2";
			};
			name = Release;
		};
/* End XCBuildConfiguration section */

/* Begin XCConfigurationList section */
		DA9DF88A24A2CACE00C1E71B /* Build configuration list for PBXProject "PotterReview" */ = {
			isa = XCConfigurationList;
			buildConfigurations = (
				DA9DF8A124A2CACF00C1E71B /* Debug */,
				DA9DF8A224A2CACF00C1E71B /* Release */,
			);
			defaultConfigurationIsVisible = 0;
			defaultConfigurationName = Release;
		};
		DA9DF8A324A2CACF00C1E71B /* Build configuration list for PBXNativeTarget "PotterReview" */ = {
			isa = XCConfigurationList;
			buildConfigurations = (
				DA9DF8A424A2CACF00C1E71B /* Debug */,
				DA9DF8A524A2CACF00C1E71B /* Release */,
			);
			defaultConfigurationIsVisible = 0;
			defaultConfigurationName = Release;
		};
/* End XCConfigurationList section */
	};
	rootObject = DA9DF88724A2CACE00C1E71B /* Project object */;
}
